
Microsoft Visual Studio Solution File, Format Version 12.00
# Visual Studio Version 16
VisualStudioVersion = 16.0.29424.173
MinimumVisualStudioVersion = 10.0.40219.1
Project("{FAE04EC0-301F-11D3-BF4B-00C04F79EFBC}") = "SnakeDraft", "SnakeDraft\SnakeDraft.csproj", "{677FA3DA-DAC4-4455-B57C-5C856DEAC8AE}"
EndProject
Project("{FAE04EC0-301F-11D3-BF4B-00C04F79EFBC}") = "Point", "Point\Point.csproj", "{06F60EF2-98CC-4377-842D-9446F8726F4F}"
EndProject
Global
	GlobalSection(SolutionConfigurationPlatforms) = preSolution
		Debug|Any CPU = Debug|Any CPU
		Release|Any CPU = Release|Any CPU
	EndGlobalSection
	GlobalSection(ProjectConfigurationPlatforms) = postSolution
		{677FA3DA-DAC4-4455-B57C-5C856DEAC8AE}.Debug|Any CPU.ActiveCfg = Debug|Any CPU
		{677FA3DA-DAC4-4455-B57C-5C856DEAC8AE}.Debug|Any CPU.Build.0 = Debug|Any CPU
		{677FA3DA-DAC4-4455-B57C-5C856DEAC8AE}.Release|Any CPU.ActiveCfg = Release|Any CPU
		{677FA3DA-DAC4-4455-B57C-5C856DEAC8AE}.Release|Any CPU.Build.0 = Release|Any CPU
		{06F60EF2-98CC-4377-842D-9446F8726F4F}.Debug|Any CPU.ActiveCfg = Debug|Any CPU
		{06F60EF2-98CC-4377-842D-9446F8726F4F}.Debug|Any CPU.Build.0 = Debug|Any CPU
		{06F60EF2-98CC-4377-842D-9446F8726F4F}.Release|Any CPU.ActiveCfg = Release|Any CPU
		{06F60EF2-98CC-4377-842D-9446F8726F4F}.Release|Any CPU.Build.0 = Release|Any CPU
	EndGlobalSection
	GlobalSection(SolutionProperties) = preSolution
		HideSolutionNode = FALSE
	EndGlobalSection
	GlobalSection(ExtensibilityGlobals) = postSolution
		SolutionGuid = {2D93D0D7-7769-4C22-BB98-2854B367F4FE}
	EndGlobalSection
EndGlobal
